lockfileVersion: '9.0'

settings:
  autoInstallPeers: true
  excludeLinksFromLockfile: false

importers:

  .:
    devDependencies:
      '@moonrepo/cli':
        specifier: ^2.3.2
        version: 2.3.2

packages:

  '@moonrepo/cli@2.3.2':
    resolution: {integrity: sha512-KSRupv+RlFfXHL2LEYMlNt2AQ1zA6bp6lsnEhjhF6SdCYeOBFKhuJR4mMYBwH5IJi4WPkNRe2IYBXrdHP8T64A==}
    hasBin: true

  '@moonrepo/core-linux-arm64-gnu@2.3.2':
    resolution: {integrity: sha512-TwreP+/ttYAy3j7mtRhGGMaHOOxyL5+HDzL2wUUN1xtvgQcE63QxeR77fgNItzII8tf9Nwxbqy/wWq/Gm3KSsQ==}
    cpu: [arm64]
    os: [linux]
    libc: [glibc]

  '@moonrepo/core-linux-arm64-musl@2.3.2':
    resolution: {integrity: sha512-0Tl8e4aR0RWkqinnFll6vchuh829bvcMIojsWLc16zCMeZ7sDT86qPeAObWjtIEfs8agv8QRt4CunyCNOjiM+w==}
    cpu: [arm64]
    os: [linux]
    libc: [musl]

  '@moonrepo/core-linux-x64-gnu@2.3.2':
    resolution: {integrity: sha512-K+ccl2xPzYtx/rZOnjkM1RfqXO382Dt8C0Ro/uxE9d5HkFK72O58O+SqnEd2QDfseK6TYkauyG+hqVZm6JB03A==}
    cpu: [x64]
    os: [linux]
    libc: [glibc]

  '@moonrepo/core-linux-x64-musl@2.3.2':
    resolution: {integrity: sha512-NvIimqjGAa3u6KMLc4RlOsgWe4r508S4jXLhpgRhOUgxgFTBmh5oXKX/w4Veyp6lGioRN1+9LhxMMWg7Fv5ULw==}
    cpu: [x64]
    os: [linux]
    libc: [musl]

  '@moonrepo/core-macos-arm64@2.3.2':
    resolution: {integrity: sha512-d79yc4Ng+NOKDRMCBsSWgQ/Qnw8Dp/w95kA/Hltz80QeCBjHmjWZBkMDY7vj+P7LWi9yOILKbp/0H5q/xYx4Tw==}
    cpu: [arm64]
    os: [darwin]

  '@moonrepo/core-macos-x64@2.3.2':
    resolution: {integrity: sha512-edWeYzdeF6t7F/g67iZfpx/XWn3KdpY40OciCNiQpF5VSF2nsvoaJYZx3UU5BJYY7pCzcftAtmOQweXDNHJTkg==}
    cpu: [x64]
    os: [darwin]

  '@moonrepo/core-windows-x64-msvc@2.3.2':
    resolution: {integrity: sha512-T8u5nBgLD4oYL6NDpaoNmxXoXSawD1us1NQnmbYNbND4iSanm3sXf/vUXNz50DTONB5AARGG0HKs9sYuOSSNAQ==}
    cpu: [x64]
    os: [win32]

  detect-libc@2.1.2:
    resolution: {integrity: sha512-Btj2BOOO83o3WyH59e8MgXsxEQVcarkUOpEYrubB0urwnN10yQ364rsiByU11nZlqWYZm05i/of7io4mzihBtQ==}
    engines: {node: '>=8'}

snapshots:

  '@moonrepo/cli@2.3.2':
    dependencies:
      detect-libc: 2.1.2
    optionalDependencies:
      '@moonrepo/core-linux-arm64-gnu': 2.3.2
      '@moonrepo/core-linux-arm64-musl': 2.3.2
      '@moonrepo/core-linux-x64-gnu': 2.3.2
      '@moonrepo/core-linux-x64-musl': 2.3.2
      '@moonrepo/core-macos-arm64': 2.3.2
      '@moonrepo/core-macos-x64': 2.3.2
      '@moonrepo/core-windows-x64-msvc': 2.3.2

  '@moonrepo/core-linux-arm64-gnu@2.3.2':
    optional: true

  '@moonrepo/core-linux-arm64-musl@2.3.2':
    optional: true

  '@moonrepo/core-linux-x64-gnu@2.3.2':
    optional: true

  '@moonrepo/core-linux-x64-musl@2.3.2':
    optional: true

  '@moonrepo/core-macos-arm64@2.3.2':
    optional: true

  '@moonrepo/core-macos-x64@2.3.2':
    optional: true

  '@moonrepo/core-windows-x64-msvc@2.3.2':
    optional: true

  detect-libc@2.1.2: {}
